
Microsoft Visual Studio Solution File, Format Version 12.00
# Visual Studio Version 17
VisualStudioVersion = 17.10.35004.147
MinimumVisualStudioVersion = 10.0.40219.1
Project("{FAE04EC0-301F-11D3-BF4B-00C04F79EFBC}") = "EnemyCount", "EnemyCount.csproj", "{0CD6A2FF-DE61-49CF-ABC7-E0F756D901AC}"
EndProject
Global
	GlobalSection(SolutionConfigurationPlatforms) = preSolution
		Debug|x64 = Debug|x64
		Release|x64 = Release|x64
	EndGlobalSection
	GlobalSection(ProjectConfigurationPlatforms) = postSolution
		{0CD6A2FF-DE61-49CF-ABC7-E0F756D901AC}.Debug|x64.ActiveCfg = Debug|x64
		{0CD6A2FF-DE61-49CF-ABC7-E0F756D901AC}.Debug|x64.Build.0 = Debug|x64
		{0CD6A2FF-DE61-49CF-ABC7-E0F756D901AC}.Release|x64.ActiveCfg = Release|x64
		{0CD6A2FF-DE61-49CF-ABC7-E0F756D901AC}.Release|x64.Build.0 = Release|x64
	EndGlobalSection
	GlobalSection(SolutionProperties) = preSolution
		HideSolutionNode = FALSE
	EndGlobalSection
	GlobalSection(ExtensibilityGlobals) = postSolution
		SolutionGuid = {B5A828C6-A817-4E16-BE89-0F53F9A41D5D}
	EndGlobalSection
EndGlobal
